
Microsoft Visual Studio Solution File, Format Version 12.00
# Visual Studio 15
VisualStudioVersion = 15.0.26228.10
MinimumVisualStudioVersion = 10.0.40219.1
Project("{FAE04EC0-301F-11D3-BF4B-00C04F79EFBC}") = "do_While_Loop", "do_While_Loop\do_While_Loop.csproj", "{8F83E346-A20A-43B0-9145-094083EAEDEF}"
EndProject
Global
	GlobalSection(SolutionConfigurationPlatforms) = preSolution
		Debug|Any CPU = Debug|Any CPU
		Release|Any CPU = Release|Any CPU
	EndGlobalSection
	GlobalSection(ProjectConfigurationPlatforms) = postSolution
		{8F83E346-A20A-43B0-9145-094083EAEDEF}.Debug|Any CPU.ActiveCfg = Debug|Any CPU
		{8F83E346-A20A-43B0-9145-094083EAEDEF}.Debug|Any CPU.Build.0 = Debug|Any CPU
		{8F83E346-A20A-43B0-9145-094083EAEDEF}.Release|Any CPU.ActiveCfg = Release|Any CPU
		{8F83E346-A20A-43B0-9145-094083EAEDEF}.Release|Any CPU.Build.0 = Release|Any CPU
	EndGlobalSection
	GlobalSection(SolutionProperties) = preSolution
		HideSolutionNode = FALSE
	EndGlobalSection
EndGlobal
